
Microsoft Visual Studio Solution File, Format Version 12.00
# Visual Studio 15
VisualStudioVersion = 15.0.28307.1145
MinimumVisualStudioVersion = 10.0.40219.1
Project("{FAE04EC0-301F-11D3-BF4B-00C04F79EFBC}") = "Data", "Data\Data.csproj", "{E0A435BB-5374-490C-AA84-A6324E1194E7}"
EndProject
Project("{FAE04EC0-301F-11D3-BF4B-00C04F79EFBC}") = "Script", "Script\Script.csproj", "{ED9249BA-D585-4D8C-A90F-4889863F699C}"
EndProject
Project("{FAE04EC0-301F-11D3-BF4B-00C04F79EFBC}") = "CodeGen", "CodeGen\CodeGen.csproj", "{AC611762-ECD8-47A5-B051-05B9521003AF}"
EndProject
Global
	GlobalSection(SolutionConfigurationPlatforms) = preSolution
		Debug|Any CPU = Debug|Any CPU
		Release|Any CPU = Release|Any CPU
	EndGlobalSection
	GlobalSection(ProjectConfigurationPlatforms) = postSolution
		{638BEF05-C331-401E-8769-2D65750AA9AB}.Debug|Any CPU.ActiveCfg = Debug|Any CPU
		{638BEF05-C331-401E-8769-2D65750AA9AB}.Debug|Any CPU.Build.0 = Debug|Any CPU
		{638BEF05-C331-401E-8769-2D65750AA9AB}.Release|Any CPU.ActiveCfg = Release|Any CPU
		{638BEF05-C331-401E-8769-2D65750AA9AB}.Release|Any CPU.Build.0 = Release|Any CPU
		{E0A435BB-5374-490C-AA84-A6324E1194E7}.Debug|Any CPU.ActiveCfg = Debug|Any CPU
		{E0A435BB-5374-490C-AA84-A6324E1194E7}.Debug|Any CPU.Build.0 = Debug|Any CPU
		{E0A435BB-5374-490C-AA84-A6324E1194E7}.Release|Any CPU.ActiveCfg = Release|Any CPU
		{E0A435BB-5374-490C-AA84-A6324E1194E7}.Release|Any CPU.Build.0 = Release|Any CPU
		{ED9249BA-D585-4D8C-A90F-4889863F699C}.Debug|Any CPU.ActiveCfg = Debug|Any CPU
		{ED9249BA-D585-4D8C-A90F-4889863F699C}.Debug|Any CPU.Build.0 = Debug|Any CPU
		{ED9249BA-D585-4D8C-A90F-4889863F699C}.Release|Any CPU.ActiveCfg = Release|Any CPU
		{ED9249BA-D585-4D8C-A90F-4889863F699C}.Release|Any CPU.Build.0 = Release|Any CPU
		{AC611762-ECD8-47A5-B051-05B9521003AF}.Debug|Any CPU.ActiveCfg = Debug|Any CPU
		{AC611762-ECD8-47A5-B051-05B9521003AF}.Debug|Any CPU.Build.0 = Debug|Any CPU
		{AC611762-ECD8-47A5-B051-05B9521003AF}.Release|Any CPU.ActiveCfg = Release|Any CPU
		{AC611762-ECD8-47A5-B051-05B9521003AF}.Release|Any CPU.Build.0 = Release|Any CPU
	EndGlobalSection
	GlobalSection(SolutionProperties) = preSolution
		HideSolutionNode = FALSE
	EndGlobalSection
	GlobalSection(ExtensibilityGlobals) = postSolution
		SolutionGuid = {35BDA6D7-1740-462F-8A37-1286D0596027}
	EndGlobalSection
EndGlobal
